
Microsoft Visual Studio Solution File, Format Version 12.00
# Visual Studio Version 16
VisualStudioVersion = 16.0.29424.173
MinimumVisualStudioVersion = 10.0.40219.1
Project("{FAE04EC0-301F-11D3-BF4B-00C04F79EFBC}") = "Practical2", "Practical2\Practical2.csproj", "{99AAC11E-C50D-45C0-B01A-8FDF01ECB9AF}"
EndProject
Global
	GlobalSection(SolutionConfigurationPlatforms) = preSolution
		Debug|Any CPU = Debug|Any CPU
		Release|Any CPU = Release|Any CPU
	EndGlobalSection
	GlobalSection(ProjectConfigurationPlatforms) = postSolution
		{99AAC11E-C50D-45C0-B01A-8FDF01ECB9AF}.Debug|Any CPU.ActiveCfg = Debug|Any CPU
		{99AAC11E-C50D-45C0-B01A-8FDF01ECB9AF}.Debug|Any CPU.Build.0 = Debug|Any CPU
		{99AAC11E-C50D-45C0-B01A-8FDF01ECB9AF}.Release|Any CPU.ActiveCfg = Release|Any CPU
		{99AAC11E-C50D-45C0-B01A-8FDF01ECB9AF}.Release|Any CPU.Build.0 = Release|Any CPU
	EndGlobalSection
	GlobalSection(SolutionProperties) = preSolution
		HideSolutionNode = FALSE
	EndGlobalSection
	GlobalSection(ExtensibilityGlobals) = postSolution
		SolutionGuid = {79A0F747-1130-483B-B407-D3A0A8E4EAA7}
	EndGlobalSection
EndGlobal
